{
  "name": "cspace-v2",
  "lockfileVersion": 2,
  "requires": true,
  "packages": {
    "": {
      "dependencies": {
        "@stimulus-components/carousel": "^6.0.0"
      }
    },
    "node_modules/@hotwired/stimulus": {
      "version": "3.2.2",
      "resolved": "https://registry.npmjs.org/@hotwired/stimulus/-/stimulus-3.2.2.tgz",
      "integrity": "sha512-eGeIqNOQpXoPAIP7tC1+1Yc1yl1xnwYqg+3mzqxyrbE5pg5YFBZcA6YoTiByJB6DKAEsiWtl6tjTJS4IYtbB7A==",
      "peer": true
    },
    "node_modules/@stimulus-components/carousel": {
      "version": "6.0.0",
      "resolved": "https://registry.npmjs.org/@stimulus-components/carousel/-/carousel-6.0.0.tgz",
      "integrity": "sha512-Jj7lwJI9B13+Wyt6Q27G5b45w5wyjVC79RB6eIuWt9ZYMRbjPWsV2kDofpiM1wUZi7h1+xk+vAZorPPnvGd4dA==",
      "dependencies": {
        "swiper": "^11.0.6"
      },
      "peerDependencies": {
        "@hotwired/stimulus": "^3"
      }
    },
    "node_modules/swiper": {
      "version": "11.1.9",
      "resolved": "https://registry.npmjs.org/swiper/-/swiper-11.1.9.tgz",
      "integrity": "sha512-rflu8zvfGa3x1v/aeSufk4zRJffhOQowyvtJlp46sUBnOqAuk1Rdv5Ldj0AWWBV595iZ+ZMk7VB35ZRtRUomtA==",
      "funding": [
        {
          "type": "patreon",
          "url": "https://www.patreon.com/swiperjs"
        },
        {
          "type": "open_collective",
          "url": "http://opencollective.com/swiper"
        }
      ],
      "engines": {
        "node": ">= 4.7.0"
      }
    }
  },
  "dependencies": {
    "@hotwired/stimulus": {
      "version": "3.2.2",
      "resolved": "https://registry.npmjs.org/@hotwired/stimulus/-/stimulus-3.2.2.tgz",
      "integrity": "sha512-eGeIqNOQpXoPAIP7tC1+1Yc1yl1xnwYqg+3mzqxyrbE5pg5YFBZcA6YoTiByJB6DKAEsiWtl6tjTJS4IYtbB7A==",
      "peer": true
    },
    "@stimulus-components/carousel": {
      "version": "6.0.0",
      "resolved": "https://registry.npmjs.org/@stimulus-components/carousel/-/carousel-6.0.0.tgz",
      "integrity": "sha512-Jj7lwJI9B13+Wyt6Q27G5b45w5wyjVC79RB6eIuWt9ZYMRbjPWsV2kDofpiM1wUZi7h1+xk+vAZorPPnvGd4dA==",
      "requires": {
        "swiper": "^11.0.6"
      }
    },
    "swiper": {
      "version": "11.1.9",
      "resolved": "https://registry.npmjs.org/swiper/-/swiper-11.1.9.tgz",
      "integrity": "sha512-rflu8zvfGa3x1v/aeSufk4zRJffhOQowyvtJlp46sUBnOqAuk1Rdv5Ldj0AWWBV595iZ+ZMk7VB35ZRtRUomtA=="
    }
  }
}
